
Microsoft Visual Studio Solution File, Format Version 12.00
# Visual Studio 15
VisualStudioVersion = 15.0.26730.16
MinimumVisualStudioVersion = 10.0.40219.1
Project("{FAE04EC0-301F-11D3-BF4B-00C04F79EFBC}") = "OfficeDogs.Mobile.Android", "OfficeDogs.Mobile\OfficeDogs.Mobile.Android\OfficeDogs.Mobile.Android.csproj", "{38C4E194-3E44-420A-8B27-0E826816D4D0}"
EndProject
Project("{FAE04EC0-301F-11D3-BF4B-00C04F79EFBC}") = "OfficeDogs.Mobile", "OfficeDogs.Mobile\OfficeDogs.Mobile\OfficeDogs.Mobile.csproj", "{871FFCD9-13AD-4727-8E59-48022A9EEE39}"
EndProject
Project("{FAE04EC0-301F-11D3-BF4B-00C04F79EFBC}") = "OfficeDogs.Mobile.UWP", "OfficeDogs.Mobile\OfficeDogs.Mobile.UWP\OfficeDogs.Mobile.UWP.csproj", "{9A56F402-A5FC-4983-A9FF-FB9BCBF69F27}"
EndProject
Project("{FAE04EC0-301F-11D3-BF4B-00C04F79EFBC}") = "OfficeDogs.Mobile.iOS", "OfficeDogs.Mobile\OfficeDogs.Mobile.iOS\OfficeDogs.Mobile.iOS.csproj", "{2C1D10B4-8EE4-4A51-A61A-33E229741A71}"
EndProject
Project("{D954291E-2A0B-460D-934E-DC6B0785DB48}") = "OfficeDogs.Common", "OfficeDogs.Common\OfficeDogs.Common.shproj", "{D2238CE7-5802-4B95-B4D8-589789E2FDF2}"
EndProject
Project("{FAE04EC0-301F-11D3-BF4B-00C04F79EFBC}") = "OfficeDogs.Backend", "OfficeDogs.Backend\OfficeDogs.Backend.csproj", "{71C3E1A1-5511-4C8B-A571-A2E1F9B5370A}"
EndProject
Global
	GlobalSection(SharedMSBuildProjectFiles) = preSolution
		OfficeDogs.Common\OfficeDogs.Common.projitems*{871ffcd9-13ad-4727-8e59-48022a9eee39}*SharedItemsImports = 4
		OfficeDogs.Common\OfficeDogs.Common.projitems*{d2238ce7-5802-4b95-b4d8-589789e2fdf2}*SharedItemsImports = 13
	EndGlobalSection
	GlobalSection(SolutionConfigurationPlatforms) = preSolution
		Ad-Hoc|Any CPU = Ad-Hoc|Any CPU
		Ad-Hoc|ARM = Ad-Hoc|ARM
		Ad-Hoc|iPhone = Ad-Hoc|iPhone
		Ad-Hoc|iPhoneSimulator = Ad-Hoc|iPhoneSimulator
		Ad-Hoc|x64 = Ad-Hoc|x64
		Ad-Hoc|x86 = Ad-Hoc|x86
		AppStore|Any CPU = AppStore|Any CPU
		AppStore|ARM = AppStore|ARM
		AppStore|iPhone = AppStore|iPhone
		AppStore|iPhoneSimulator = AppStore|iPhoneSimulator
		AppStore|x64 = AppStore|x64
		AppStore|x86 = AppStore|x86
		Debug|Any CPU = Debug|Any CPU
		Debug|ARM = Debug|ARM
		Debug|iPhone = Debug|iPhone
		Debug|iPhoneSimulator = Debug|iPhoneSimulator
		Debug|x64 = Debug|x64
		Debug|x86 = Debug|x86
		Release|Any CPU = Release|Any CPU
		Release|ARM = Release|ARM
		Release|iPhone = Release|iPhone
		Release|iPhoneSimulator = Release|iPhoneSimulator
		Release|x64 = Release|x64
		Release|x86 = Release|x86
	EndGlobalSection
	GlobalSection(ProjectConfigurationPlatforms) = postSolution
		{38C4E194-3E44-420A-8B27-0E826816D4D0}.Ad-Hoc|Any CPU.ActiveCfg = Release|Any CPU
		{38C4E194-3E44-420A-8B27-0E826816D4D0}.Ad-Hoc|Any CPU.Build.0 = Release|Any CPU
		{38C4E194-3E44-420A-8B27-0E826816D4D0}.Ad-Hoc|Any CPU.Deploy.0 = Release|Any CPU
		{38C4E194-3E44-420A-8B27-0E826816D4D0}.Ad-Hoc|ARM.ActiveCfg = Release|Any CPU
		{38C4E194-3E44-420A-8B27-0E826816D4D0}.Ad-Hoc|ARM.Build.0 = Release|Any CPU
		{38C4E194-3E44-420A-8B27-0E826816D4D0}.Ad-Hoc|ARM.Deploy.0 = Release|Any CPU
		{38C4E194-3E44-420A-8B27-0E826816D4D0}.Ad-Hoc|iPhone.ActiveCfg = Release|Any CPU
		{38C4E194-3E44-420A-8B27-0E826816D4D0}.Ad-Hoc|iPhone.Build.0 = Release|Any CPU
		{38C4E194-3E44-420A-8B27-0E826816D4D0}.Ad-Hoc|iPhone.Deploy.0 = Release|Any CPU
		{38C4E194-3E44-420A-8B27-0E826816D4D0}.Ad-Hoc|iPhoneSimulator.ActiveCfg = Release|Any CPU
		{38C4E194-3E44-420A-8B27-0E826816D4D0}.Ad-Hoc|iPhoneSimulator.Build.0 = Release|Any CPU
		{38C4E194-3E44-420A-8B27-0E826816D4D0}.Ad-Hoc|iPhoneSimulator.Deploy.0 = Release|Any CPU
		{38C4E194-3E44-420A-8B27-0E826816D4D0}.Ad-Hoc|x64.ActiveCfg = Release|Any CPU
		{38C4E194-3E44-420A-8B27-0E826816D4D0}.Ad-Hoc|x64.Build.0 = Release|Any CPU
		{38C4E194-3E44-420A-8B27-0E826816D4D0}.Ad-Hoc|x64.Deploy.0 = Release|Any CPU
		{38C4E194-3E44-420A-8B27-0E826816D4D0}.Ad-Hoc|x86.ActiveCfg = Release|Any CPU
		{38C4E194-3E44-420A-8B27-0E826816D4D0}.Ad-Hoc|x86.Build.0 = Release|Any CPU
		{38C4E194-3E44-420A-8B27-0E826816D4D0}.Ad-Hoc|x86.Deploy.0 = Release|Any CPU
		{38C4E194-3E44-420A-8B27-0E826816D4D0}.AppStore|Any CPU.ActiveCfg = Release|Any CPU
		{38C4E194-3E44-420A-8B27-0E826816D4D0}.AppStore|Any CPU.Build.0 = Release|Any CPU
		{38C4E194-3E44-420A-8B27-0E826816D4D0}.AppStore|Any CPU.Deploy.0 = Release|Any CPU
		{38C4E194-3E44-420A-8B27-0E826816D4D0}.AppStore|ARM.ActiveCfg = Release|Any CPU
		{38C4E194-3E44-420A-8B27-0E826816D4D0}.AppStore|ARM.Build.0 = Release|Any CPU
		{38C4E194-3E44-420A-8B27-0E826816D4D0}.AppStore|ARM.Deploy.0 = Release|Any CPU
		{38C4E194-3E44-420A-8B27-0E826816D4D0}.AppStore|iPhone.ActiveCfg = Release|Any CPU
		{38C4E194-3E44-420A-8B27-0E826816D4D0}.AppStore|iPhone.Build.0 = Release|Any CPU
		{38C4E194-3E44-420A-8B27-0E826816D4D0}.AppStore|iPhone.Deploy.0 = Release|Any CPU
		{38C4E194-3E44-420A-8B27-0E826816D4D0}.AppStore|iPhoneSimulator.ActiveCfg = Release|Any CPU
		{38C4E194-3E44-420A-8B27-0E826816D4D0}.AppStore|iPhoneSimulator.Build.0 = Release|Any CPU
		{38C4E194-3E44-420A-8B27-0E826816D4D0}.AppStore|iPhoneSimulator.Deploy.0 = Release|Any CPU
		{38C4E194-3E44-420A-8B27-0E826816D4D0}.AppStore|x64.ActiveCfg = Release|Any CPU
		{38C4E194-3E44-420A-8B27-0E826816D4D0}.AppStore|x64.Build.0 = Release|Any CPU
		{38C4E194-3E44-420A-8B27-0E826816D4D0}.AppStore|x64.Deploy.0 = Release|Any CPU
		{38C4E194-3E44-420A-8B27-0E826816D4D0}.AppStore|x86.ActiveCfg = Release|Any CPU
		{38C4E194-3E44-420A-8B27-0E826816D4D0}.AppStore|x86.Build.0 = Release|Any CPU
		{38C4E194-3E44-420A-8B27-0E826816D4D0}.AppStore|x86.Deploy.0 = Release|Any CPU
		{38C4E194-3E44-420A-8B27-0E826816D4D0}.Debug|Any CPU.ActiveCfg = Debug|Any CPU
		{38C4E194-3E44-420A-8B27-0E826816D4D0}.Debug|Any CPU.Build.0 = Debug|Any CPU
		{38C4E194-3E44-420A-8B27-0E826816D4D0}.Debug|Any CPU.Deploy.0 = Debug|Any CPU
		{38C4E194-3E44-420A-8B27-0E826816D4D0}.Debug|ARM.ActiveCfg = Debug|Any CPU
		{38C4E194-3E44-420A-8B27-0E826816D4D0}.Debug|ARM.Build.0 = Debug|Any CPU
		{38C4E194-3E44-420A-8B27-0E826816D4D0}.Debug|ARM.Deploy.0 = Debug|Any CPU
		{38C4E194-3E44-420A-8B27-0E826816D4D0}.Debug|iPhone.ActiveCfg = Debug|Any CPU
		{38C4E194-3E44-420A-8B27-0E826816D4D0}.Debug|iPhone.Build.0 = Debug|Any CPU
		{38C4E194-3E44-420A-8B27-0E826816D4D0}.Debug|iPhone.Deploy.0 = Debug|Any CPU
		{38C4E194-3E44-420A-8B27-0E826816D4D0}.Debug|iPhoneSimulator.ActiveCfg = Debug|Any CPU
		{38C4E194-3E44-420A-8B27-0E826816D4D0}.Debug|iPhoneSimulator.Build.0 = Debug|Any CPU
		{38C4E194-3E44-420A-8B27-0E826816D4D0}.Debug|iPhoneSimulator.Deploy.0 = Debug|Any CPU
		{38C4E194-3E44-420A-8B27-0E826816D4D0}.Debug|x64.ActiveCfg = Debug|Any CPU
		{38C4E194-3E44-420A-8B27-0E826816D4D0}.Debug|x64.Build.0 = Debug|Any CPU
		{38C4E194-3E44-420A-8B27-0E826816D4D0}.Debug|x64.Deploy.0 = Debug|Any CPU
		{38C4E194-3E44-420A-8B27-0E826816D4D0}.Debug|x86.ActiveCfg = Debug|Any CPU
		{38C4E194-3E44-420A-8B27-0E826816D4D0}.Debug|x86.Build.0 = Debug|Any CPU
		{38C4E194-3E44-420A-8B27-0E826816D4D0}.Debug|x86.Deploy.0 = Debug|Any CPU
		{38C4E194-3E44-420A-8B27-0E826816D4D0}.Release|Any CPU.ActiveCfg = Release|Any CPU
		{38C4E194-3E44-420A-8B27-0E826816D4D0}.Release|Any CPU.Build.0 = Release|Any CPU
		{38C4E194-3E44-420A-8B27-0E826816D4D0}.Release|Any CPU.Deploy.0 = Release|Any CPU
		{38C4E194-3E44-420A-8B27-0E826816D4D0}.Release|ARM.ActiveCfg = Release|Any CPU
		{38C4E194-3E44-420A-8B27-0E826816D4D0}.Release|ARM.Build.0 = Release|Any CPU
		{38C4E194-3E44-420A-8B27-0E826816D4D0}.Release|ARM.Deploy.0 = Release|Any CPU
		{38C4E194-3E44-420A-8B27-0E826816D4D0}.Release|iPhone.ActiveCfg = Release|Any CPU
		{38C4E194-3E44-420A-8B27-0E826816D4D0}.Release|iPhone.Build.0 = Release|Any CPU
		{38C4E194-3E44-420A-8B27-0E826816D4D0}.Release|iPhone.Deploy.0 = Release|Any CPU
		{38C4E194-3E44-420A-8B27-0E826816D4D0}.Release|iPhoneSimulator.ActiveCfg = Release|Any CPU
		{38C4E194-3E44-420A-8B27-0E826816D4D0}.Release|iPhoneSimulator.Build.0 = Release|Any CPU
		{38C4E194-3E44-420A-8B27-0E826816D4D0}.Release|iPhoneSimulator.Deploy.0 = Release|Any CPU
		{38C4E194-3E44-420A-8B27-0E826816D4D0}.Release|x64.ActiveCfg = Release|Any CPU
		{38C4E194-3E44-420A-8B27-0E826816D4D0}.Release|x64.Build.0 = Release|Any CPU
		{38C4E194-3E44-420A-8B27-0E826816D4D0}.Release|x64.Deploy.0 = Release|Any CPU
		{38C4E194-3E44-420A-8B27-0E826816D4D0}.Release|x86.ActiveCfg = Release|Any CPU
		{38C4E194-3E44-420A-8B27-0E826816D4D0}.Release|x86.Build.0 = Release|Any CPU
		{38C4E194-3E44-420A-8B27-0E826816D4D0}.Release|x86.Deploy.0 = Release|Any CPU
		{871FFCD9-13AD-4727-8E59-48022A9EEE39}.Ad-Hoc|Any CPU.ActiveCfg = Release|Any CPU
		{871FFCD9-13AD-4727-8E59-48022A9EEE39}.Ad-Hoc|Any CPU.Build.0 = Release|Any CPU
		{871FFCD9-13AD-4727-8E59-48022A9EEE39}.Ad-Hoc|ARM.ActiveCfg = Release|Any CPU
		{871FFCD9-13AD-4727-8E59-48022A9EEE39}.Ad-Hoc|ARM.Build.0 = Release|Any CPU
		{871FFCD9-13AD-4727-8E59-48022A9EEE39}.Ad-Hoc|iPhone.ActiveCfg = Release|Any CPU
		{871FFCD9-13AD-4727-8E59-48022A9EEE39}.Ad-Hoc|iPhone.Build.0 = Release|Any CPU
		{871FFCD9-13AD-4727-8E59-48022A9EEE39}.Ad-Hoc|iPhoneSimulator.ActiveCfg = Release|Any CPU
		{871FFCD9-13AD-4727-8E59-48022A9EEE39}.Ad-Hoc|iPhoneSimulator.Build.0 = Release|Any CPU
		{871FFCD9-13AD-4727-8E59-48022A9EEE39}.Ad-Hoc|x64.ActiveCfg = Release|Any CPU
		{871FFCD9-13AD-4727-8E59-48022A9EEE39}.Ad-Hoc|x64.Build.0 = Release|Any CPU
		{871FFCD9-13AD-4727-8E59-48022A9EEE39}.Ad-Hoc|x86.ActiveCfg = Release|Any CPU
		{871FFCD9-13AD-4727-8E59-48022A9EEE39}.Ad-Hoc|x86.Build.0 = Release|Any CPU
		{871FFCD9-13AD-4727-8E59-48022A9EEE39}.AppStore|Any CPU.ActiveCfg = Release|Any CPU
		{871FFCD9-13AD-4727-8E59-48022A9EEE39}.AppStore|Any CPU.Build.0 = Release|Any CPU
		{871FFCD9-13AD-4727-8E59-48022A9EEE39}.AppStore|ARM.ActiveCfg = Release|Any CPU
		{871FFCD9-13AD-4727-8E59-48022A9EEE39}.AppStore|ARM.Build.0 = Release|Any CPU
		{871FFCD9-13AD-4727-8E59-48022A9EEE39}.AppStore|iPhone.ActiveCfg = Release|Any CPU
		{871FFCD9-13AD-4727-8E59-48022A9EEE39}.AppStore|iPhone.Build.0 = Release|Any CPU
		{871FFCD9-13AD-4727-8E59-48022A9EEE39}.AppStore|iPhoneSimulator.ActiveCfg = Release|Any CPU
		{871FFCD9-13AD-4727-8E59-48022A9EEE39}.AppStore|iPhoneSimulator.Build.0 = Release|Any CPU
		{871FFCD9-13AD-4727-8E59-48022A9EEE39}.AppStore|x64.ActiveCfg = Release|Any CPU
		{871FFCD9-13AD-4727-8E59-48022A9EEE39}.AppStore|x64.Build.0 = Release|Any CPU
		{871FFCD9-13AD-4727-8E59-48022A9EEE39}.AppStore|x86.ActiveCfg = Release|Any CPU
		{871FFCD9-13AD-4727-8E59-48022A9EEE39}.AppStore|x86.Build.0 = Release|Any CPU
		{871FFCD9-13AD-4727-8E59-48022A9EEE39}.Debug|Any CPU.ActiveCfg = Debug|Any CPU
		{871FFCD9-13AD-4727-8E59-48022A9EEE39}.Debug|Any CPU.Build.0 = Debug|Any CPU
		{871FFCD9-13AD-4727-8E59-48022A9EEE39}.Debug|ARM.ActiveCfg = Debug|Any CPU
		{871FFCD9-13AD-4727-8E59-48022A9EEE39}.Debug|ARM.Build.0 = Debug|Any CPU
		{871FFCD9-13AD-4727-8E59-48022A9EEE39}.Debug|iPhone.ActiveCfg = Debug|Any CPU
		{871FFCD9-13AD-4727-8E59-48022A9EEE39}.Debug|iPhone.Build.0 = Debug|Any CPU
		{871FFCD9-13AD-4727-8E59-48022A9EEE39}.Debug|iPhoneSimulator.ActiveCfg = Debug|Any CPU
		{871FFCD9-13AD-4727-8E59-48022A9EEE39}.Debug|iPhoneSimulator.Build.0 = Debug|Any CPU
		{871FFCD9-13AD-4727-8E59-48022A9EEE39}.Debug|x64.ActiveCfg = Debug|Any CPU
		{871FFCD9-13AD-4727-8E59-48022A9EEE39}.Debug|x64.Build.0 = Debug|Any CPU
		{871FFCD9-13AD-4727-8E59-48022A9EEE39}.Debug|x86.ActiveCfg = Debug|Any CPU
		{871FFCD9-13AD-4727-8E59-48022A9EEE39}.Debug|x86.Build.0 = Debug|Any CPU
		{871FFCD9-13AD-4727-8E59-48022A9EEE39}.Release|Any CPU.ActiveCfg = Release|Any CPU
		{871FFCD9-13AD-4727-8E59-48022A9EEE39}.Release|Any CPU.Build.0 = Release|Any CPU
		{871FFCD9-13AD-4727-8E59-48022A9EEE39}.Release|ARM.ActiveCfg = Release|Any CPU
		{871FFCD9-13AD-4727-8E59-48022A9EEE39}.Release|ARM.Build.0 = Release|Any CPU
		{871FFCD9-13AD-4727-8E59-48022A9EEE39}.Release|iPhone.ActiveCfg = Release|Any CPU
		{871FFCD9-13AD-4727-8E59-48022A9EEE39}.Release|iPhone.Build.0 = Release|Any CPU
		{871FFCD9-13AD-4727-8E59-48022A9EEE39}.Release|iPhoneSimulator.ActiveCfg = Release|Any CPU
		{871FFCD9-13AD-4727-8E59-48022A9EEE39}.Release|iPhoneSimulator.Build.0 = Release|Any CPU
		{871FFCD9-13AD-4727-8E59-48022A9EEE39}.Release|x64.ActiveCfg = Release|Any CPU
		{871FFCD9-13AD-4727-8E59-48022A9EEE39}.Release|x64.Build.0 = Release|Any CPU
		{871FFCD9-13AD-4727-8E59-48022A9EEE39}.Release|x86.ActiveCfg = Release|Any CPU
		{871FFCD9-13AD-4727-8E59-48022A9EEE39}.Release|x86.Build.0 = Release|Any CPU
		{9A56F402-A5FC-4983-A9FF-FB9BCBF69F27}.Ad-Hoc|Any CPU.ActiveCfg = Release|x86
		{9A56F402-A5FC-4983-A9FF-FB9BCBF69F27}.Ad-Hoc|Any CPU.Build.0 = Release|x86
		{9A56F402-A5FC-4983-A9FF-FB9BCBF69F27}.Ad-Hoc|Any CPU.Deploy.0 = Release|x86
		{9A56F402-A5FC-4983-A9FF-FB9BCBF69F27}.Ad-Hoc|ARM.ActiveCfg = Release|ARM
		{9A56F402-A5FC-4983-A9FF-FB9BCBF69F27}.Ad-Hoc|ARM.Build.0 = Release|ARM
		{9A56F402-A5FC-4983-A9FF-FB9BCBF69F27}.Ad-Hoc|ARM.Deploy.0 = Release|ARM
		{9A56F402-A5FC-4983-A9FF-FB9BCBF69F27}.Ad-Hoc|iPhone.ActiveCfg = Release|x86
		{9A56F402-A5FC-4983-A9FF-FB9BCBF69F27}.Ad-Hoc|iPhone.Build.0 = Release|x86
		{9A56F402-A5FC-4983-A9FF-FB9BCBF69F27}.Ad-Hoc|iPhone.Deploy.0 = Release|x86
		{9A56F402-A5FC-4983-A9FF-FB9BCBF69F27}.Ad-Hoc|iPhoneSimulator.ActiveCfg = Release|x86
		{9A56F402-A5FC-4983-A9FF-FB9BCBF69F27}.Ad-Hoc|iPhoneSimulator.Build.0 = Release|x86
		{9A56F402-A5FC-4983-A9FF-FB9BCBF69F27}.Ad-Hoc|iPhoneSimulator.Deploy.0 = Release|x86
		{9A56F402-A5FC-4983-A9FF-FB9BCBF69F27}.Ad-Hoc|x64.ActiveCfg = Release|x64
		{9A56F402-A5FC-4983-A9FF-FB9BCBF69F27}.Ad-Hoc|x64.Build.0 = Release|x64
		{9A56F402-A5FC-4983-A9FF-FB9BCBF69F27}.Ad-Hoc|x64.Deploy.0 = Release|x64
		{9A56F402-A5FC-4983-A9FF-FB9BCBF69F27}.Ad-Hoc|x86.ActiveCfg = Release|x86
		{9A56F402-A5FC-4983-A9FF-FB9BCBF69F27}.Ad-Hoc|x86.Build.0 = Release|x86
		{9A56F402-A5FC-4983-A9FF-FB9BCBF69F27}.Ad-Hoc|x86.Deploy.0 = Release|x86
		{9A56F402-A5FC-4983-A9FF-FB9BCBF69F27}.AppStore|Any CPU.ActiveCfg = Release|x86
		{9A56F402-A5FC-4983-A9FF-FB9BCBF69F27}.AppStore|Any CPU.Build.0 = Release|x86
		{9A56F402-A5FC-4983-A9FF-FB9BCBF69F27}.AppStore|Any CPU.Deploy.0 = Release|x86
		{9A56F402-A5FC-4983-A9FF-FB9BCBF69F27}.AppStore|ARM.ActiveCfg = Release|ARM
		{9A56F402-A5FC-4983-A9FF-FB9BCBF69F27}.AppStore|ARM.Build.0 = Release|ARM
		{9A56F402-A5FC-4983-A9FF-FB9BCBF69F27}.AppStore|ARM.Deploy.0 = Release|ARM
		{9A56F402-A5FC-4983-A9FF-FB9BCBF69F27}.AppStore|iPhone.ActiveCfg = Release|x86
		{9A56F402-A5FC-4983-A9FF-FB9BCBF69F27}.AppStore|iPhone.Build.0 = Release|x86
		{9A56F402-A5FC-4983-A9FF-FB9BCBF69F27}.AppStore|iPhone.Deploy.0 = Release|x86
		{9A56F402-A5FC-4983-A9FF-FB9BCBF69F27}.AppStore|iPhoneSimulator.ActiveCfg = Release|x86
		{9A56F402-A5FC-4983-A9FF-FB9BCBF69F27}.AppStore|iPhoneSimulator.Build.0 = Release|x86
		{9A56F402-A5FC-4983-A9FF-FB9BCBF69F27}.AppStore|iPhoneSimulator.Deploy.0 = Release|x86
		{9A56F402-A5FC-4983-A9FF-FB9BCBF69F27}.AppStore|x64.ActiveCfg = Release|x64
		{9A56F402-A5FC-4983-A9FF-FB9BCBF69F27}.AppStore|x64.Build.0 = Release|x64
		{9A56F402-A5FC-4983-A9FF-FB9BCBF69F27}.AppStore|x64.Deploy.0 = Release|x64
		{9A56F402-A5FC-4983-A9FF-FB9BCBF69F27}.AppStore|x86.ActiveCfg = Release|x86
		{9A56F402-A5FC-4983-A9FF-FB9BCBF69F27}.AppStore|x86.Build.0 = Release|x86
		{9A56F402-A5FC-4983-A9FF-FB9BCBF69F27}.AppStore|x86.Deploy.0 = Release|x86
		{9A56F402-A5FC-4983-A9FF-FB9BCBF69F27}.Debug|Any CPU.ActiveCfg = Debug|x86
		{9A56F402-A5FC-4983-A9FF-FB9BCBF69F27}.Debug|ARM.ActiveCfg = Debug|ARM
		{9A56F402-A5FC-4983-A9FF-FB9BCBF69F27}.Debug|ARM.Build.0 = Debug|ARM
		{9A56F402-A5FC-4983-A9FF-FB9BCBF69F27}.Debug|ARM.Deploy.0 = Debug|ARM
		{9A56F402-A5FC-4983-A9FF-FB9BCBF69F27}.Debug|iPhone.ActiveCfg = Debug|x86
		{9A56F402-A5FC-4983-A9FF-FB9BCBF69F27}.Debug|iPhoneSimulator.ActiveCfg = Debug|x86
		{9A56F402-A5FC-4983-A9FF-FB9BCBF69F27}.Debug|x64.ActiveCfg = Debug|x64
		{9A56F402-A5FC-4983-A9FF-FB9BCBF69F27}.Debug|x64.Build.0 = Debug|x64
		{9A56F402-A5FC-4983-A9FF-FB9BCBF69F27}.Debug|x64.Deploy.0 = Debug|x64
		{9A56F402-A5FC-4983-A9FF-FB9BCBF69F27}.Debug|x86.ActiveCfg = Debug|x86
		{9A56F402-A5FC-4983-A9FF-FB9BCBF69F27}.Debug|x86.Build.0 = Debug|x86
		{9A56F402-A5FC-4983-A9FF-FB9BCBF69F27}.Debug|x86.Deploy.0 = Debug|x86
		{9A56F402-A5FC-4983-A9FF-FB9BCBF69F27}.Release|Any CPU.ActiveCfg = Release|x86
		{9A56F402-A5FC-4983-A9FF-FB9BCBF69F27}.Release|ARM.ActiveCfg = Release|ARM
		{9A56F402-A5FC-4983-A9FF-FB9BCBF69F27}.Release|ARM.Build.0 = Release|ARM
		{9A56F402-A5FC-4983-A9FF-FB9BCBF69F27}.Release|ARM.Deploy.0 = Release|ARM
		{9A56F402-A5FC-4983-A9FF-FB9BCBF69F27}.Release|iPhone.ActiveCfg = Release|x86
		{9A56F402-A5FC-4983-A9FF-FB9BCBF69F27}.Release|iPhoneSimulator.ActiveCfg = Release|x86
		{9A56F402-A5FC-4983-A9FF-FB9BCBF69F27}.Release|x64.ActiveCfg = Release|x64
		{9A56F402-A5FC-4983-A9FF-FB9BCBF69F27}.Release|x64.Build.0 = Release|x64
		{9A56F402-A5FC-4983-A9FF-FB9BCBF69F27}.Release|x64.Deploy.0 = Release|x64
		{9A56F402-A5FC-4983-A9FF-FB9BCBF69F27}.Release|x86.ActiveCfg = Release|x86
		{9A56F402-A5FC-4983-A9FF-FB9BCBF69F27}.Release|x86.Build.0 = Release|x86
		{9A56F402-A5FC-4983-A9FF-FB9BCBF69F27}.Release|x86.Deploy.0 = Release|x86
		{2C1D10B4-8EE4-4A51-A61A-33E229741A71}.Ad-Hoc|Any CPU.ActiveCfg = Ad-Hoc|iPhone
		{2C1D10B4-8EE4-4A51-A61A-33E229741A71}.Ad-Hoc|ARM.ActiveCfg = Ad-Hoc|iPhone
		{2C1D10B4-8EE4-4A51-A61A-33E229741A71}.Ad-Hoc|iPhone.ActiveCfg = Ad-Hoc|iPhone
		{2C1D10B4-8EE4-4A51-A61A-33E229741A71}.Ad-Hoc|iPhone.Build.0 = Ad-Hoc|iPhone
		{2C1D10B4-8EE4-4A51-A61A-33E229741A71}.Ad-Hoc|iPhoneSimulator.ActiveCfg = Ad-Hoc|iPhoneSimulator
		{2C1D10B4-8EE4-4A51-A61A-33E229741A71}.Ad-Hoc|iPhoneSimulator.Build.0 = Ad-Hoc|iPhoneSimulator
		{2C1D10B4-8EE4-4A51-A61A-33E229741A71}.Ad-Hoc|x64.ActiveCfg = Ad-Hoc|iPhone
		{2C1D10B4-8EE4-4A51-A61A-33E229741A71}.Ad-Hoc|x86.ActiveCfg = Ad-Hoc|iPhone
		{2C1D10B4-8EE4-4A51-A61A-33E229741A71}.AppStore|Any CPU.ActiveCfg = AppStore|iPhone
		{2C1D10B4-8EE4-4A51-A61A-33E229741A71}.AppStore|ARM.ActiveCfg = AppStore|iPhone
		{2C1D10B4-8EE4-4A51-A61A-33E229741A71}.AppStore|iPhone.ActiveCfg = AppStore|iPhone
		{2C1D10B4-8EE4-4A51-A61A-33E229741A71}.AppStore|iPhone.Build.0 = AppStore|iPhone
		{2C1D10B4-8EE4-4A51-A61A-33E229741A71}.AppStore|iPhoneSimulator.ActiveCfg = AppStore|iPhoneSimulator
		{2C1D10B4-8EE4-4A51-A61A-33E229741A71}.AppStore|iPhoneSimulator.Build.0 = AppStore|iPhoneSimulator
		{2C1D10B4-8EE4-4A51-A61A-33E229741A71}.AppStore|x64.ActiveCfg = AppStore|iPhone
		{2C1D10B4-8EE4-4A51-A61A-33E229741A71}.AppStore|x86.ActiveCfg = AppStore|iPhone
		{2C1D10B4-8EE4-4A51-A61A-33E229741A71}.Debug|Any CPU.ActiveCfg = Debug|iPhone
		{2C1D10B4-8EE4-4A51-A61A-33E229741A71}.Debug|ARM.ActiveCfg = Debug|iPhone
		{2C1D10B4-8EE4-4A51-A61A-33E229741A71}.Debug|iPhone.ActiveCfg = Debug|iPhone
		{2C1D10B4-8EE4-4A51-A61A-33E229741A71}.Debug|iPhone.Build.0 = Debug|iPhone
		{2C1D10B4-8EE4-4A51-A61A-33E229741A71}.Debug|iPhoneSimulator.ActiveCfg = Debug|iPhoneSimulator
		{2C1D10B4-8EE4-4A51-A61A-33E229741A71}.Debug|iPhoneSimulator.Build.0 = Debug|iPhoneSimulator
		{2C1D10B4-8EE4-4A51-A61A-33E229741A71}.Debug|x64.ActiveCfg = Debug|iPhone
		{2C1D10B4-8EE4-4A51-A61A-33E229741A71}.Debug|x86.ActiveCfg = Debug|iPhone
		{2C1D10B4-8EE4-4A51-A61A-33E229741A71}.Release|Any CPU.ActiveCfg = Release|iPhone
		{2C1D10B4-8EE4-4A51-A61A-33E229741A71}.Release|ARM.ActiveCfg = Release|iPhone
		{2C1D10B4-8EE4-4A51-A61A-33E229741A71}.Release|iPhone.ActiveCfg = Release|iPhone
		{2C1D10B4-8EE4-4A51-A61A-33E229741A71}.Release|iPhone.Build.0 = Release|iPhone
		{2C1D10B4-8EE4-4A51-A61A-33E229741A71}.Release|iPhoneSimulator.ActiveCfg = Release|iPhoneSimulator
		{2C1D10B4-8EE4-4A51-A61A-33E229741A71}.Release|iPhoneSimulator.Build.0 = Release|iPhoneSimulator
		{2C1D10B4-8EE4-4A51-A61A-33E229741A71}.Release|x64.ActiveCfg = Release|iPhone
		{2C1D10B4-8EE4-4A51-A61A-33E229741A71}.Release|x86.ActiveCfg = Release|iPhone
		{71C3E1A1-5511-4C8B-A571-A2E1F9B5370A}.Ad-Hoc|Any CPU.ActiveCfg = Debug|Any CPU
		{71C3E1A1-5511-4C8B-A571-A2E1F9B5370A}.Ad-Hoc|Any CPU.Build.0 = Debug|Any CPU
		{71C3E1A1-5511-4C8B-A571-A2E1F9B5370A}.Ad-Hoc|ARM.ActiveCfg = Debug|Any CPU
		{71C3E1A1-5511-4C8B-A571-A2E1F9B5370A}.Ad-Hoc|ARM.Build.0 = Debug|Any CPU
		{71C3E1A1-5511-4C8B-A571-A2E1F9B5370A}.Ad-Hoc|iPhone.ActiveCfg = Debug|Any CPU
		{71C3E1A1-5511-4C8B-A571-A2E1F9B5370A}.Ad-Hoc|iPhone.Build.0 = Debug|Any CPU
		{71C3E1A1-5511-4C8B-A571-A2E1F9B5370A}.Ad-Hoc|iPhoneSimulator.ActiveCfg = Debug|Any CPU
		{71C3E1A1-5511-4C8B-A571-A2E1F9B5370A}.Ad-Hoc|iPhoneSimulator.Build.0 = Debug|Any CPU
		{71C3E1A1-5511-4C8B-A571-A2E1F9B5370A}.Ad-Hoc|x64.ActiveCfg = Debug|Any CPU
		{71C3E1A1-5511-4C8B-A571-A2E1F9B5370A}.Ad-Hoc|x64.Build.0 = Debug|Any CPU
		{71C3E1A1-5511-4C8B-A571-A2E1F9B5370A}.Ad-Hoc|x86.ActiveCfg = Debug|Any CPU
		{71C3E1A1-5511-4C8B-A571-A2E1F9B5370A}.Ad-Hoc|x86.Build.0 = Debug|Any CPU
		{71C3E1A1-5511-4C8B-A571-A2E1F9B5370A}.AppStore|Any CPU.ActiveCfg = Debug|Any CPU
		{71C3E1A1-5511-4C8B-A571-A2E1F9B5370A}.AppStore|Any CPU.Build.0 = Debug|Any CPU
		{71C3E1A1-5511-4C8B-A571-A2E1F9B5370A}.AppStore|ARM.ActiveCfg = Debug|Any CPU
		{71C3E1A1-5511-4C8B-A571-A2E1F9B5370A}.AppStore|ARM.Build.0 = Debug|Any CPU
		{71C3E1A1-5511-4C8B-A571-A2E1F9B5370A}.AppStore|iPhone.ActiveCfg = Debug|Any CPU
		{71C3E1A1-5511-4C8B-A571-A2E1F9B5370A}.AppStore|iPhone.Build.0 = Debug|Any CPU
		{71C3E1A1-5511-4C8B-A571-A2E1F9B5370A}.AppStore|iPhoneSimulator.ActiveCfg = Debug|Any CPU
		{71C3E1A1-5511-4C8B-A571-A2E1F9B5370A}.AppStore|iPhoneSimulator.Build.0 = Debug|Any CPU
		{71C3E1A1-5511-4C8B-A571-A2E1F9B5370A}.AppStore|x64.ActiveCfg = Debug|Any CPU
		{71C3E1A1-5511-4C8B-A571-A2E1F9B5370A}.AppStore|x64.Build.0 = Debug|Any CPU
		{71C3E1A1-5511-4C8B-A571-A2E1F9B5370A}.AppStore|x86.ActiveCfg = Debug|Any CPU
		{71C3E1A1-5511-4C8B-A571-A2E1F9B5370A}.AppStore|x86.Build.0 = Debug|Any CPU
		{71C3E1A1-5511-4C8B-A571-A2E1F9B5370A}.Debug|Any CPU.ActiveCfg = Debug|Any CPU
		{71C3E1A1-5511-4C8B-A571-A2E1F9B5370A}.Debug|Any CPU.Build.0 = Debug|Any CPU
		{71C3E1A1-5511-4C8B-A571-A2E1F9B5370A}.Debug|ARM.ActiveCfg = Debug|Any CPU
		{71C3E1A1-5511-4C8B-A571-A2E1F9B5370A}.Debug|ARM.Build.0 = Debug|Any CPU
		{71C3E1A1-5511-4C8B-A571-A2E1F9B5370A}.Debug|iPhone.ActiveCfg = Debug|Any CPU
		{71C3E1A1-5511-4C8B-A571-A2E1F9B5370A}.Debug|iPhone.Build.0 = Debug|Any CPU
		{71C3E1A1-5511-4C8B-A571-A2E1F9B5370A}.Debug|iPhoneSimulator.ActiveCfg = Debug|Any CPU
		{71C3E1A1-5511-4C8B-A571-A2E1F9B5370A}.Debug|iPhoneSimulator.Build.0 = Debug|Any CPU
		{71C3E1A1-5511-4C8B-A571-A2E1F9B5370A}.Debug|x64.ActiveCfg = Debug|Any CPU
		{71C3E1A1-5511-4C8B-A571-A2E1F9B5370A}.Debug|x64.Build.0 = Debug|Any CPU
		{71C3E1A1-5511-4C8B-A571-A2E1F9B5370A}.Debug|x86.ActiveCfg = Debug|Any CPU
		{71C3E1A1-5511-4C8B-A571-A2E1F9B5370A}.Debug|x86.Build.0 = Debug|Any CPU
		{71C3E1A1-5511-4C8B-A571-A2E1F9B5370A}.Release|Any CPU.ActiveCfg = Release|Any CPU
		{71C3E1A1-5511-4C8B-A571-A2E1F9B5370A}.Release|Any CPU.Build.0 = Release|Any CPU
		{71C3E1A1-5511-4C8B-A571-A2E1F9B5370A}.Release|ARM.ActiveCfg = Release|Any CPU
		{71C3E1A1-5511-4C8B-A571-A2E1F9B5370A}.Release|ARM.Build.0 = Release|Any CPU
		{71C3E1A1-5511-4C8B-A571-A2E1F9B5370A}.Release|iPhone.ActiveCfg = Release|Any CPU
		{71C3E1A1-5511-4C8B-A571-A2E1F9B5370A}.Release|iPhone.Build.0 = Release|Any CPU
		{71C3E1A1-5511-4C8B-A571-A2E1F9B5370A}.Release|iPhoneSimulator.ActiveCfg = Release|Any CPU
		{71C3E1A1-5511-4C8B-A571-A2E1F9B5370A}.Release|iPhoneSimulator.Build.0 = Release|Any CPU
		{71C3E1A1-5511-4C8B-A571-A2E1F9B5370A}.Release|x64.ActiveCfg = Release|Any CPU
		{71C3E1A1-5511-4C8B-A571-A2E1F9B5370A}.Release|x64.Build.0 = Release|Any CPU
		{71C3E1A1-5511-4C8B-A571-A2E1F9B5370A}.Release|x86.ActiveCfg = Release|Any CPU
		{71C3E1A1-5511-4C8B-A571-A2E1F9B5370A}.Release|x86.Build.0 = Release|Any CPU
	EndGlobalSection
	GlobalSection(SolutionProperties) = preSolution
		HideSolutionNode = FALSE
	EndGlobalSection
	GlobalSection(ExtensibilityGlobals) = postSolution
		SolutionGuid = {30519F0A-45FD-47B5-895B-B7866FD88B62}
	EndGlobalSection
EndGlobal
